
Microsoft Visual Studio Solution File, Format Version 12.00
# Visual Studio 2013
VisualStudioVersion = 12.0.31101.0
MinimumVisualStudioVersion = 10.0.40219.1
Project("{8BC9CEB8-8B4A-11D0-8D11-00A0C91BC942}") = "ArduinoIMU-LeifTest1", "..\ArduinoIMU-LeifTest1\ArduinoIMU-LeifTest1.vcxproj", "{0A7FA022-8DCE-4286-836F-35132BEAE322}"
EndProject
Project("{8BC9CEB8-8B4A-11D0-8D11-00A0C91BC942}") = "SoMo_MAX", "..\..\..\SonicWear-Main\Code\SoMo_MAX\SoMo_MAX.vcxproj", "{FA128361-3BDB-4437-9C19-4A4685AFE73E}"
EndProject
Project("{8BC9CEB8-8B4A-11D0-8D11-00A0C91BC942}") = "SoMo_RTIMULib_MAX", "SoMo_RTIMULib_MAX.vcxproj", "{9EDC539A-AF39-44DE-B4CC-4B2CFA325C72}"
EndProject
Global
	GlobalSection(SolutionConfigurationPlatforms) = preSolution
		Debug|Win32 = Debug|Win32
		Release|Win32 = Release|Win32
	EndGlobalSection
	GlobalSection(ProjectConfigurationPlatforms) = postSolution
		{0A7FA022-8DCE-4286-836F-35132BEAE322}.Debug|Win32.ActiveCfg = Debug|Win32
		{0A7FA022-8DCE-4286-836F-35132BEAE322}.Debug|Win32.Build.0 = Debug|Win32
		{0A7FA022-8DCE-4286-836F-35132BEAE322}.Release|Win32.ActiveCfg = Release|Win32
		{0A7FA022-8DCE-4286-836F-35132BEAE322}.Release|Win32.Build.0 = Release|Win32
		{FA128361-3BDB-4437-9C19-4A4685AFE73E}.Debug|Win32.ActiveCfg = Debug|Win32
		{FA128361-3BDB-4437-9C19-4A4685AFE73E}.Debug|Win32.Build.0 = Debug|Win32
		{FA128361-3BDB-4437-9C19-4A4685AFE73E}.Release|Win32.ActiveCfg = Release|Win32
		{FA128361-3BDB-4437-9C19-4A4685AFE73E}.Release|Win32.Build.0 = Release|Win32
		{9EDC539A-AF39-44DE-B4CC-4B2CFA325C72}.Debug|Win32.ActiveCfg = Debug|Win32
		{9EDC539A-AF39-44DE-B4CC-4B2CFA325C72}.Debug|Win32.Build.0 = Debug|Win32
		{9EDC539A-AF39-44DE-B4CC-4B2CFA325C72}.Release|Win32.ActiveCfg = Release|Win32
		{9EDC539A-AF39-44DE-B4CC-4B2CFA325C72}.Release|Win32.Build.0 = Release|Win32
	EndGlobalSection
	GlobalSection(SolutionProperties) = preSolution
		HideSolutionNode = FALSE
	EndGlobalSection
EndGlobal
